
Microsoft Visual Studio Solution File, Format Version 12.00
# Visual Studio Version 16
VisualStudioVersion = 16.0.31702.278
MinimumVisualStudioVersion = 10.0.40219.1
Project("{FAE04EC0-301F-11D3-BF4B-00C04F79EFBC}") = "SEHACOLADO", "SEHACOLADO\SEHACOLADO.csproj", "{795D7EA3-47E2-4C95-A304-E5517B4AF254}"
EndProject
Global
	GlobalSection(SolutionConfigurationPlatforms) = preSolution
		Debug|Any CPU = Debug|Any CPU
		Release|Any CPU = Release|Any CPU
	EndGlobalSection
	GlobalSection(ProjectConfigurationPlatforms) = postSolution
		{795D7EA3-47E2-4C95-A304-E5517B4AF254}.Debug|Any CPU.ActiveCfg = Debug|Any CPU
		{795D7EA3-47E2-4C95-A304-E5517B4AF254}.Debug|Any CPU.Build.0 = Debug|Any CPU
		{795D7EA3-47E2-4C95-A304-E5517B4AF254}.Release|Any CPU.ActiveCfg = Release|Any CPU
		{795D7EA3-47E2-4C95-A304-E5517B4AF254}.Release|Any CPU.Build.0 = Release|Any CPU
	EndGlobalSection
	GlobalSection(SolutionProperties) = preSolution
		HideSolutionNode = FALSE
	EndGlobalSection
	GlobalSection(ExtensibilityGlobals) = postSolution
		SolutionGuid = {17A77646-E0CC-4143-B6ED-EE7EB20D5131}
	EndGlobalSection
EndGlobal
